// !$*UTF8*$!
{
	archiveVersion = 1;
	classes = {
	};
	objectVersion = 46;
	objects = {

/* Begin PBXBuildFile section */
		270FDD2479B1075A2B370B74 /* libPods-NewUnion.a in Frameworks */ = {isa = PBXBuildFile; fileRef = D43A0F3C37F93CC40364E60F /* libPods-NewUnion.a */; };
		3F5982221C9C48D40084DF8C /* main.m in Sources */ = {isa = PBXBuildFile; fileRef = 3F5982211C9C48D40084DF8C /* main.m */; };
		3F5982251C9C48D40084DF8C /* AppDelegate.m in Sources */ = {isa = PBXBuildFile; fileRef = 3F5982241C9C48D40084DF8C /* AppDelegate.m */; };
		3F5982281C9C48D40084DF8C /* ViewController.m in Sources */ = {isa = PBXBuildFile; fileRef = 3F5982271C9C48D40084DF8C /* ViewController.m */; };
		3F59822B1C9C48D40084DF8C /* Main.storyboard in Resources */ = {isa = PBXBuildFile; fileRef = 3F5982291C9C48D40084DF8C /* Main.storyboard */; };
		3F59822D1C9C48D40084DF8C /* Assets.xcassets in Resources */ = {isa = PBXBuildFile; fileRef = 3F59822C1C9C48D40084DF8C /* Assets.xcassets */; };
		3F5982301C9C48D40084DF8C /* LaunchScreen.storyboard in Resources */ = {isa = PBXBuildFile; fileRef = 3F59822E1C9C48D40084DF8C /* LaunchScreen.storyboard */; };
		3F59823B1C9C48D50084DF8C /* NewUnionTests.m in Sources */ = {isa = PBXBuildFile; fileRef = 3F59823A1C9C48D50084DF8C /* NewUnionTests.m */; };
		3F5982471C9C55520084DF8C /* SignUpViewController.m in Sources */ = {isa = PBXBuildFile; fileRef = 3F5982461C9C55520084DF8C /* SignUpViewController.m */; };
		3F59824C1C9C70650084DF8C /* NUTextField.m in Sources */ = {isa = PBXBuildFile; fileRef = 3F59824B1C9C70650084DF8C /* NUTextField.m */; };
		3F59824F1C9C72DB0084DF8C /* UsersViewController.m in Sources */ = {isa = PBXBuildFile; fileRef = 3F59824E1C9C72DB0084DF8C /* UsersViewController.m */; };
		3F5982531C9C73CE0084DF8C /* UsersTableView.m in Sources */ = {isa = PBXBuildFile; fileRef = 3F5982521C9C73CE0084DF8C /* UsersTableView.m */; };
		3F5982571C9C73E40084DF8C /* UserTableViewCell.m in Sources */ = {isa = PBXBuildFile; fileRef = 3F5982561C9C73E40084DF8C /* UserTableViewCell.m */; };
		3F59825B1C9C74080084DF8C /* Helper.m in Sources */ = {isa = PBXBuildFile; fileRef = 3F59825A1C9C74080084DF8C /* Helper.m */; };
		3F5982671C9C771D0084DF8C /* Store.m in Sources */ = {isa = PBXBuildFile; fileRef = 3F5982661C9C771D0084DF8C /* Store.m */; };
		3F70388F1C9DB59B00B13B32 /* User.m in Sources */ = {isa = PBXBuildFile; fileRef = 3F70388E1C9DB59B00B13B32 /* User.m */; };
		3FA42BC81C9C787A003C2DB6 /* Podfile in Resources */ = {isa = PBXBuildFile; fileRef = 3FA42BC71C9C787A003C2DB6 /* Podfile */; };
/* End PBXBuildFile section */

/* Begin PBXContainerItemProxy section */
		3F5982371C9C48D50084DF8C /* PBXContainerItemProxy */ = {
			isa = PBXContainerItemProxy;
			containerPortal = 3F5982151C9C48D40084DF8C /* Project object */;
			proxyType = 1;
			remoteGlobalIDString = 3F59821C1C9C48D40084DF8C;
			remoteInfo = NewUnion;
		};
/* End PBXContainerItemProxy section */

/* Begin PBXFileReference section */
		2B097008B5E10F70F8E6D399 /* Pods-NewUnion.release.xcconfig */ = {isa = PBXFileReference; includeInIndex = 1; lastKnownFileType = text.xcconfig; name = "Pods-NewUnion.release.xcconfig"; path = "Pods/Target Support Files/Pods-NewUnion/Pods-NewUnion.release.xcconfig"; sourceTree = "<group>"; };
		3F59821D1C9C48D40084DF8C /* NewUnion.app */ = {isa = PBXFileReference; explicitFileType = wrapper.application; includeInIndex = 0; path = NewUnion.app; sourceTree = BUILT_PRODUCTS_DIR; };
		3F5982211C9C48D40084DF8C /* main.m */ = {isa = PBXFileReference; lastKnownFileType = sourcecode.c.objc; path = main.m; sourceTree = "<group>"; };
		3F5982231C9C48D40084DF8C /* AppDelegate.h */ = {isa = PBXFileReference; lastKnownFileType = sourcecode.c.h; path = AppDelegate.h; sourceTree = "<group>"; };
		3F5982241C9C48D40084DF8C /* AppDelegate.m */ = {isa = PBXFileReference; lastKnownFileType = sourcecode.c.objc; path = AppDelegate.m; sourceTree = "<group>"; };
		3F5982261C9C48D40084DF8C /* ViewController.h */ = {isa = PBXFileReference; lastKnownFileType = sourcecode.c.h; path = ViewController.h; sourceTree = "<group>"; };
		3F5982271C9C48D40084DF8C /* ViewController.m */ = {isa = PBXFileReference; lastKnownFileType = sourcecode.c.objc; path = ViewController.m; sourceTree = "<group>"; };
		3F59822A1C9C48D40084DF8C /* Base */ = {isa = PBXFileReference; lastKnownFileType = file.storyboard; name = Base; path = Base.lproj/Main.storyboard; sourceTree = "<group>"; };
		3F59822C1C9C48D40084DF8C /* Assets.xcassets */ = {isa = PBXFileReference; lastKnownFileType = folder.assetcatalog; path = Assets.xcassets; sourceTree = "<group>"; };
		3F59822F1C9C48D40084DF8C /* Base */ = {isa = PBXFileReference; lastKnownFileType = file.storyboard; name = Base; path = Base.lproj/LaunchScreen.storyboard; sourceTree = "<group>"; };
		3F5982311C9C48D40084DF8C /* Info.plist */ = {isa = PBXFileReference; lastKnownFileType = text.plist.xml; path = Info.plist; sourceTree = "<group>"; };
		3F5982361C9C48D50084DF8C /* NewUnionTests.xctest */ = {isa = PBXFileReference; explicitFileType = wrapper.cfbundle; includeInIndex = 0; path = NewUnionTests.xctest; sourceTree = BUILT_PRODUCTS_DIR; };
		3F59823A1C9C48D50084DF8C /* NewUnionTests.m */ = {isa = PBXFileReference; lastKnownFileType = sourcecode.c.objc; path = NewUnionTests.m; sourceTree = "<group>"; };
		3F59823C1C9C48D50084DF8C /* Info.plist */ = {isa = PBXFileReference; lastKnownFileType = text.plist.xml; path = Info.plist; sourceTree = "<group>"; };
		3F5982451C9C55520084DF8C /* SignUpViewController.h */ = {isa = PBXFileReference; fileEncoding = 4; lastKnownFileType = sourcecode.c.h; path = SignUpViewController.h; sourceTree = "<group>"; };
		3F5982461C9C55520084DF8C /* SignUpViewController.m */ = {isa = PBXFileReference; fileEncoding = 4; lastKnownFileType = sourcecode.c.objc; path = SignUpViewController.m; sourceTree = "<group>"; };
		3F59824A1C9C70640084DF8C /* NUTextField.h */ = {isa = PBXFileReference; fileEncoding = 4; lastKnownFileType = sourcecode.c.h; path = NUTextField.h; sourceTree = "<group>"; };
		3F59824B1C9C70650084DF8C /* NUTextField.m */ = {isa = PBXFileReference; fileEncoding = 4; lastKnownFileType = sourcecode.c.objc; path = NUTextField.m; sourceTree = "<group>"; };
		3F59824D1C9C72DB0084DF8C /* UsersViewController.h */ = {isa = PBXFileReference; fileEncoding = 4; lastKnownFileType = sourcecode.c.h; path = UsersViewController.h; sourceTree = "<group>"; };
		3F59824E1C9C72DB0084DF8C /* UsersViewController.m */ = {isa = PBXFileReference; fileEncoding = 4; lastKnownFileType = sourcecode.c.objc; path = UsersViewController.m; sourceTree = "<group>"; };
		3F5982511C9C73CE0084DF8C /* UsersTableView.h */ = {isa = PBXFileReference; fileEncoding = 4; lastKnownFileType = sourcecode.c.h; path = UsersTableView.h; sourceTree = "<group>"; };
		3F5982521C9C73CE0084DF8C /* UsersTableView.m */ = {isa = PBXFileReference; fileEncoding = 4; lastKnownFileType = sourcecode.c.objc; path = UsersTableView.m; sourceTree = "<group>"; };
		3F5982551C9C73E40084DF8C /* UserTableViewCell.h */ = {isa = PBXFileReference; fileEncoding = 4; lastKnownFileType = sourcecode.c.h; path = UserTableViewCell.h; sourceTree = "<group>"; };
		3F5982561C9C73E40084DF8C /* UserTableViewCell.m */ = {isa = PBXFileReference; fileEncoding = 4; lastKnownFileType = sourcecode.c.objc; path = UserTableViewCell.m; sourceTree = "<group>"; };
		3F5982591C9C74080084DF8C /* Helper.h */ = {isa = PBXFileReference; fileEncoding = 4; lastKnownFileType = sourcecode.c.h; path = Helper.h; sourceTree = "<group>"; };
		3F59825A1C9C74080084DF8C /* Helper.m */ = {isa = PBXFileReference; fileEncoding = 4; lastKnownFileType = sourcecode.c.objc; path = Helper.m; sourceTree = "<group>"; };
		3F5982651C9C771D0084DF8C /* Store.h */ = {isa = PBXFileReference; fileEncoding = 4; lastKnownFileType = sourcecode.c.h; path = Store.h; sourceTree = "<group>"; };
		3F5982661C9C771D0084DF8C /* Store.m */ = {isa = PBXFileReference; fileEncoding = 4; lastKnownFileType = sourcecode.c.objc; path = Store.m; sourceTree = "<group>"; };
		3F70388D1C9DB59B00B13B32 /* User.h */ = {isa = PBXFileReference; fileEncoding = 4; lastKnownFileType = sourcecode.c.h; path = User.h; sourceTree = "<group>"; };
		3F70388E1C9DB59B00B13B32 /* User.m */ = {isa = PBXFileReference; fileEncoding = 4; lastKnownFileType = sourcecode.c.objc; path = User.m; sourceTree = "<group>"; };
		3FA42BC71C9C787A003C2DB6 /* Podfile */ = {isa = PBXFileReference; fileEncoding = 4; lastKnownFileType = text; name = Podfile; path = ../Podfile; sourceTree = "<group>"; xcLanguageSpecificationIdentifier = xcode.lang.ruby; };
		B6E4FB2AB1489B2AE690B653 /* Pods-NewUnion.debug.xcconfig */ = {isa = PBXFileReference; includeInIndex = 1; lastKnownFileType = text.xcconfig; name = "Pods-NewUnion.debug.xcconfig"; path = "Pods/Target Support Files/Pods-NewUnion/Pods-NewUnion.debug.xcconfig"; sourceTree = "<group>"; };
		D43A0F3C37F93CC40364E60F /* libPods-NewUnion.a */ = {isa = PBXFileReference; explicitFileType = archive.ar; includeInIndex = 0; path = "libPods-NewUnion.a"; sourceTree = BUILT_PRODUCTS_DIR; };
/* End PBXFileReference section */

/* Begin PBXFrameworksBuildPhase section */
		3F59821A1C9C48D40084DF8C /* Frameworks */ = {
			isa = PBXFrameworksBuildPhase;
			buildActionMask = 2147483647;
			files = (
				270FDD2479B1075A2B370B74 /* libPods-NewUnion.a in Frameworks */,
			);
			runOnlyForDeploymentPostprocessing = 0;
		};
		3F5982331C9C48D50084DF8C /* Frameworks */ = {
			isa = PBXFrameworksBuildPhase;
			buildActionMask = 2147483647;
			files = (
			);
			runOnlyForDeploymentPostprocessing = 0;
		};
/* End PBXFrameworksBuildPhase section */

/* Begin PBXGroup section */
		0E888A5AEFB6278686AB7DF9 /* Pods */ = {
			isa = PBXGroup;
			children = (
				B6E4FB2AB1489B2AE690B653 /* Pods-NewUnion.debug.xcconfig */,
				2B097008B5E10F70F8E6D399 /* Pods-NewUnion.release.xcconfig */,
			);
			name = Pods;
			sourceTree = "<group>";
		};
		3F5982141C9C48D40084DF8C = {
			isa = PBXGroup;
			children = (
				3F59821F1C9C48D40084DF8C /* NewUnion */,
				3F5982391C9C48D50084DF8C /* NewUnionTests */,
				3F59821E1C9C48D40084DF8C /* Products */,
				0E888A5AEFB6278686AB7DF9 /* Pods */,
				50E388F09AAE2A7E8FD43DAC /* Frameworks */,
			);
			sourceTree = "<group>";
		};
		3F59821E1C9C48D40084DF8C /* Products */ = {
			isa = PBXGroup;
			children = (
				3F59821D1C9C48D40084DF8C /* NewUnion.app */,
				3F5982361C9C48D50084DF8C /* NewUnionTests.xctest */,
			);
			name = Products;
			sourceTree = "<group>";
		};
		3F59821F1C9C48D40084DF8C /* NewUnion */ = {
			isa = PBXGroup;
			children = (
				3F70388C1C9DB59100B13B32 /* Business */,
				3F5982581C9C73EF0084DF8C /* Model */,
				3F5982501C9C73B80084DF8C /* TableViews */,
				3F5982491C9C70550084DF8C /* Views */,
				3F5982481C9C55560084DF8C /* ViewControllers */,
				3F5982231C9C48D40084DF8C /* AppDelegate.h */,
				3F5982241C9C48D40084DF8C /* AppDelegate.m */,
				3F5982261C9C48D40084DF8C /* ViewController.h */,
				3F5982271C9C48D40084DF8C /* ViewController.m */,
				3F5982291C9C48D40084DF8C /* Main.storyboard */,
				3F59822C1C9C48D40084DF8C /* Assets.xcassets */,
				3F59822E1C9C48D40084DF8C /* LaunchScreen.storyboard */,
				3F5982311C9C48D40084DF8C /* Info.plist */,
				3FA42BC71C9C787A003C2DB6 /* Podfile */,
				3F5982201C9C48D40084DF8C /* Supporting Files */,
			);
			path = NewUnion;
			sourceTree = "<group>";
		};
		3F5982201C9C48D40084DF8C /* Supporting Files */ = {
			isa = PBXGroup;
			children = (
				3F5982211C9C48D40084DF8C /* main.m */,
			);
			name = "Supporting Files";
			sourceTree = "<group>";
		};
		3F5982391C9C48D50084DF8C /* NewUnionTests */ = {
			isa = PBXGroup;
			children = (
				3F59823A1C9C48D50084DF8C /* NewUnionTests.m */,
				3F59823C1C9C48D50084DF8C /* Info.plist */,
			);
			path = NewUnionTests;
			sourceTree = "<group>";
		};
		3F5982481C9C55560084DF8C /* ViewControllers */ = {
			isa = PBXGroup;
			children = (
				3F5982451C9C55520084DF8C /* SignUpViewController.h */,
				3F5982461C9C55520084DF8C /* SignUpViewController.m */,
				3F59824D1C9C72DB0084DF8C /* UsersViewController.h */,
				3F59824E1C9C72DB0084DF8C /* UsersViewController.m */,
			);
			name = ViewControllers;
			sourceTree = "<group>";
		};
		3F5982491C9C70550084DF8C /* Views */ = {
			isa = PBXGroup;
			children = (
				3F59824A1C9C70640084DF8C /* NUTextField.h */,
				3F59824B1C9C70650084DF8C /* NUTextField.m */,
			);
			name = Views;
			sourceTree = "<group>";
		};
		3F5982501C9C73B80084DF8C /* TableViews */ = {
			isa = PBXGroup;
			children = (
				3F5982511C9C73CE0084DF8C /* UsersTableView.h */,
				3F5982521C9C73CE0084DF8C /* UsersTableView.m */,
				3F5982541C9C73D20084DF8C /* TableViewCell */,
			);
			name = TableViews;
			sourceTree = "<group>";
		};
		3F5982541C9C73D20084DF8C /* TableViewCell */ = {
			isa = PBXGroup;
			children = (
				3F5982551C9C73E40084DF8C /* UserTableViewCell.h */,
				3F5982561C9C73E40084DF8C /* UserTableViewCell.m */,
			);
			name = TableViewCell;
			sourceTree = "<group>";
		};
		3F5982581C9C73EF0084DF8C /* Model */ = {
			isa = PBXGroup;
			children = (
				3F5982591C9C74080084DF8C /* Helper.h */,
				3F59825A1C9C74080084DF8C /* Helper.m */,
				3F5982651C9C771D0084DF8C /* Store.h */,
				3F5982661C9C771D0084DF8C /* Store.m */,
			);
			name = Model;
			sourceTree = "<group>";
		};
		3F70388C1C9DB59100B13B32 /* Business */ = {
			isa = PBXGroup;
			children = (
				3F70388D1C9DB59B00B13B32 /* User.h */,
				3F70388E1C9DB59B00B13B32 /* User.m */,
			);
			name = Business;
			sourceTree = "<group>";
		};
		50E388F09AAE2A7E8FD43DAC /* Frameworks */ = {
			isa = PBXGroup;
			children = (
				D43A0F3C37F93CC40364E60F /* libPods-NewUnion.a */,
			);
			name = Frameworks;
			sourceTree = "<group>";
		};
/* End PBXGroup section */

/* Begin PBXNativeTarget section */
		3F59821C1C9C48D40084DF8C /* NewUnion */ = {
			isa = PBXNativeTarget;
			buildConfigurationList = 3F59823F1C9C48D50084DF8C /* Build configuration list for PBXNativeTarget "NewUnion" */;
			buildPhases = (
				10075FA72D290A216FFF8966 /* Check Pods Manifest.lock */,
				3F5982191C9C48D40084DF8C /* Sources */,
				3F59821A1C9C48D40084DF8C /* Frameworks */,
				3F59821B1C9C48D40084DF8C /* Resources */,
				DD6E22284A5FB404888B69B7 /* Embed Pods Frameworks */,
				71811027B07AF938A35B7D99 /* Copy Pods Resources */,
			);
			buildRules = (
			);
			dependencies = (
			);
			name = NewUnion;
			productName = NewUnion;
			productReference = 3F59821D1C9C48D40084DF8C /* NewUnion.app */;
			productType = "com.apple.product-type.application";
		};
		3F5982351C9C48D50084DF8C /* NewUnionTests */ = {
			isa = PBXNativeTarget;
			buildConfigurationList = 3F5982421C9C48D50084DF8C /* Build configuration list for PBXNativeTarget "NewUnionTests" */;
			buildPhases = (
				3F5982321C9C48D50084DF8C /* Sources */,
				3F5982331C9C48D50084DF8C /* Frameworks */,
				3F5982341C9C48D50084DF8C /* Resources */,
			);
			buildRules = (
			);
			dependencies = (
				3F5982381C9C48D50084DF8C /* PBXTargetDependency */,
			);
			name = NewUnionTests;
			productName = NewUnionTests;
			productReference = 3F5982361C9C48D50084DF8C /* NewUnionTests.xctest */;
			productType = "com.apple.product-type.bundle.unit-test";
		};
/* End PBXNativeTarget section */

/* Begin PBXProject section */
		3F5982151C9C48D40084DF8C /* Project object */ = {
			isa = PBXProject;
			attributes = {
				LastUpgradeCheck = 0720;
				ORGANIZATIONNAME = ChjpCoj;
				TargetAttributes = {
					3F59821C1C9C48D40084DF8C = {
						CreatedOnToolsVersion = 7.2.1;
					};
					3F5982351C9C48D50084DF8C = {
						CreatedOnToolsVersion = 7.2.1;
						TestTargetID = 3F59821C1C9C48D40084DF8C;
					};
				};
			};
			buildConfigurationList = 3F5982181C9C48D40084DF8C /* Build configuration list for PBXProject "NewUnion" */;
			compatibilityVersion = "Xcode 3.2";
			developmentRegion = English;
			hasScannedForEncodings = 0;
			knownRegions = (
				en,
				Base,
			);
			mainGroup = 3F5982141C9C48D40084DF8C;
			productRefGroup = 3F59821E1C9C48D40084DF8C /* Products */;
			projectDirPath = "";
			projectRoot = "";
			targets = (
				3F59821C1C9C48D40084DF8C /* NewUnion */,
				3F5982351C9C48D50084DF8C /* NewUnionTests */,
			);
		};
/* End PBXProject section */

/* Begin PBXResourcesBuildPhase section */
		3F59821B1C9C48D40084DF8C /* Resources */ = {
			isa = PBXResourcesBuildPhase;
			buildActionMask = 2147483647;
			files = (
				3F5982301C9C48D40084DF8C /* LaunchScreen.storyboard in Resources */,
				3F59822D1C9C48D40084DF8C /* Assets.xcassets in Resources */,
				3FA42BC81C9C787A003C2DB6 /* Podfile in Resources */,
				3F59822B1C9C48D40084DF8C /* Main.storyboard in Resources */,
			);
			runOnlyForDeploymentPostprocessing = 0;
		};
		3F5982341C9C48D50084DF8C /* Resources */ = {
			isa = PBXResourcesBuildPhase;
			buildActionMask = 2147483647;
			files = (
			);
			runOnlyForDeploymentPostprocessing = 0;
		};
/* End PBXResourcesBuildPhase section */

/* Begin PBXShellScriptBuildPhase section */
		10075FA72D290A216FFF8966 /* Check Pods Manifest.lock */ = {
			isa = PBXShellScriptBuildPhase;
			buildActionMask = 2147483647;
			files = (
			);
			inputPaths = (
			);
			name = "Check Pods Manifest.lock";
			outputPaths = (
			);
			runOnlyForDeploymentPostprocessing = 0;
			shellPath = /bin/sh;
			shellScript = "diff \"${PODS_ROOT}/../Podfile.lock\" \"${PODS_ROOT}/Manifest.lock\" > /dev/null\nif [[ $? != 0 ]] ; then\n    cat << EOM\nerror: The sandbox is not in sync with the Podfile.lock. Run 'pod install' or update your CocoaPods installation.\nEOM\n    exit 1\nfi\n";
			showEnvVarsInLog = 0;
		};
		71811027B07AF938A35B7D99 /* Copy Pods Resources */ = {
			isa = PBXShellScriptBuildPhase;
			buildActionMask = 2147483647;
			files = (
			);
			inputPaths = (
			);
			name = "Copy Pods Resources";
			outputPaths = (
			);
			runOnlyForDeploymentPostprocessing = 0;
			shellPath = /bin/sh;
			shellScript = "\"${SRCROOT}/Pods/Target Support Files/Pods-NewUnion/Pods-NewUnion-resources.sh\"\n";
			showEnvVarsInLog = 0;
		};
		DD6E22284A5FB404888B69B7 /* Embed Pods Frameworks */ = {
			isa = PBXShellScriptBuildPhase;
			buildActionMask = 2147483647;
			files = (
			);
			inputPaths = (
			);
			name = "Embed Pods Frameworks";
			outputPaths = (
			);
			runOnlyForDeploymentPostprocessing = 0;
			shellPath = /bin/sh;
			shellScript = "\"${SRCROOT}/Pods/Target Support Files/Pods-NewUnion/Pods-NewUnion-frameworks.sh\"\n";
			showEnvVarsInLog = 0;
		};
/* End PBXShellScriptBuildPhase section */

/* Begin PBXSourcesBuildPhase section */
		3F5982191C9C48D40084DF8C /* Sources */ = {
			isa = PBXSourcesBuildPhase;
			buildActionMask = 2147483647;
			files = (
				3F70388F1C9DB59B00B13B32 /* User.m in Sources */,
				3F5982571C9C73E40084DF8C /* UserTableViewCell.m in Sources */,
				3F5982281C9C48D40084DF8C /* ViewController.m in Sources */,
				3F5982531C9C73CE0084DF8C /* UsersTableView.m in Sources */,
				3F5982671C9C771D0084DF8C /* Store.m in Sources */,
				3F5982251C9C48D40084DF8C /* AppDelegate.m in Sources */,
				3F59824C1C9C70650084DF8C /* NUTextField.m in Sources */,
				3F59824F1C9C72DB0084DF8C /* UsersViewController.m in Sources */,
				3F5982471C9C55520084DF8C /* SignUpViewController.m in Sources */,
				3F59825B1C9C74080084DF8C /* Helper.m in Sources */,
				3F5982221C9C48D40084DF8C /* main.m in Sources */,
			);
			runOnlyForDeploymentPostprocessing = 0;
		};
		3F5982321C9C48D50084DF8C /* Sources */ = {
			isa = PBXSourcesBuildPhase;
			buildActionMask = 2147483647;
			files = (
				3F59823B1C9C48D50084DF8C /* NewUnionTests.m in Sources */,
			);
			runOnlyForDeploymentPostprocessing = 0;
		};
/* End PBXSourcesBuildPhase section */

/* Begin PBXTargetDependency section */
		3F5982381C9C48D50084DF8C /* PBXTargetDependency */ = {
			isa = PBXTargetDependency;
			target = 3F59821C1C9C48D40084DF8C /* NewUnion */;
			targetProxy = 3F5982371C9C48D50084DF8C /* PBXContainerItemProxy */;
		};
/* End PBXTargetDependency section */

/* Begin PBXVariantGroup section */
		3F5982291C9C48D40084DF8C /* Main.storyboard */ = {
			isa = PBXVariantGroup;
			children = (
				3F59822A1C9C48D40084DF8C /* Base */,
			);
			name = Main.storyboard;
			sourceTree = "<group>";
		};
		3F59822E1C9C48D40084DF8C /* LaunchScreen.storyboard */ = {
			isa = PBXVariantGroup;
			children = (
				3F59822F1C9C48D40084DF8C /* Base */,
			);
			name = LaunchScreen.storyboard;
			sourceTree = "<group>";
		};
/* End PBXVariantGroup section */

/* Begin XCBuildConfiguration section */
		3F59823D1C9C48D50084DF8C /* Debug */ = {
			isa = XCBuildConfiguration;
			buildSettings = {
				ALWAYS_SEARCH_USER_PATHS = NO;
				CLANG_CXX_LANGUAGE_STANDARD = "gnu++0x";
				CLANG_CXX_LIBRARY = "libc++";
				CLANG_ENABLE_MODULES = YES;
				CLANG_ENABLE_OBJC_ARC = YES;
				CLANG_WARN_BOOL_CONVERSION = YES;
				CLANG_WARN_CONSTANT_CONVERSION = YES;
				CLANG_WARN_DIRECT_OBJC_ISA_USAGE = YES_ERROR;
				CLANG_WARN_EMPTY_BODY = YES;
				CLANG_WARN_ENUM_CONVERSION = YES;
				CLANG_WARN_INT_CONVERSION = YES;
				CLANG_WARN_OBJC_ROOT_CLASS = YES_ERROR;
				CLANG_WARN_UNREACHABLE_CODE = YES;
				CLANG_WARN__DUPLICATE_METHOD_MATCH = YES;
				"CODE_SIGN_IDENTITY[sdk=iphoneos*]" = "iPhone Developer";
				COPY_PHASE_STRIP = NO;
				DEBUG_INFORMATION_FORMAT = dwarf;
				ENABLE_STRICT_OBJC_MSGSEND = YES;
				ENABLE_TESTABILITY = YES;
				GCC_C_LANGUAGE_STANDARD = gnu99;
				GCC_DYNAMIC_NO_PIC = NO;
				GCC_NO_COMMON_BLOCKS = YES;
				GCC_OPTIMIZATION_LEVEL = 0;
				GCC_PREPROCESSOR_DEFINITIONS = (
					"DEBUG=1",
					"$(inherited)",
				);
				GCC_WARN_64_TO_32_BIT_CONVERSION = YES;
				GCC_WARN_ABOUT_RETURN_TYPE = YES_ERROR;
				GCC_WARN_UNDECLARED_SELECTOR = YES;
				GCC_WARN_UNINITIALIZED_AUTOS = YES_AGGRESSIVE;
				GCC_WARN_UNUSED_FUNCTION = YES;
				GCC_WARN_UNUSED_VARIABLE = YES;
				IPHONEOS_DEPLOYMENT_TARGET = 9.2;
				MTL_ENABLE_DEBUG_INFO = YES;
				ONLY_ACTIVE_ARCH = YES;
				SDKROOT = iphoneos;
			};
			name = Debug;
		};
		3F59823E1C9C48D50084DF8C /* Release */ = {
			isa = XCBuildConfiguration;
			buildSettings = {
				ALWAYS_SEARCH_USER_PATHS = NO;
				CLANG_CXX_LANGUAGE_STANDARD = "gnu++0x";
				CLANG_CXX_LIBRARY = "libc++";
				CLANG_ENABLE_MODULES = YES;
				CLANG_ENABLE_OBJC_ARC = YES;
				CLANG_WARN_BOOL_CONVERSION = YES;
				CLANG_WARN_CONSTANT_CONVERSION = YES;
				CLANG_WARN_DIRECT_OBJC_ISA_USAGE = YES_ERROR;
				CLANG_WARN_EMPTY_BODY = YES;
				CLANG_WARN_ENUM_CONVERSION = YES;
				CLANG_WARN_INT_CONVERSION = YES;
				CLANG_WARN_OBJC_ROOT_CLASS = YES_ERROR;
				CLANG_WARN_UNREACHABLE_CODE = YES;
				CLANG_WARN__DUPLICATE_METHOD_MATCH = YES;
				"CODE_SIGN_IDENTITY[sdk=iphoneos*]" = "iPhone Developer";
				COPY_PHASE_STRIP = NO;
				DEBUG_INFORMATION_FORMAT = "dwarf-with-dsym";
				ENABLE_NS_ASSERTIONS = NO;
				ENABLE_STRICT_OBJC_MSGSEND = YES;
				GCC_C_LANGUAGE_STANDARD = gnu99;
				GCC_NO_COMMON_BLOCKS = YES;
				GCC_WARN_64_TO_32_BIT_CONVERSION = YES;
				GCC_WARN_ABOUT_RETURN_TYPE = YES_ERROR;
				GCC_WARN_UNDECLARED_SELECTOR = YES;
				GCC_WARN_UNINITIALIZED_AUTOS = YES_AGGRESSIVE;
				GCC_WARN_UNUSED_FUNCTION = YES;
				GCC_WARN_UNUSED_VARIABLE = YES;
				IPHONEOS_DEPLOYMENT_TARGET = 9.2;
				MTL_ENABLE_DEBUG_INFO = NO;
				SDKROOT = iphoneos;
				VALIDATE_PRODUCT = YES;
			};
			name = Release;
		};
		3F5982401C9C48D50084DF8C /* Debug */ = {
			isa = XCBuildConfiguration;
			baseConfigurationReference = B6E4FB2AB1489B2AE690B653 /* Pods-NewUnion.debug.xcconfig */;
			buildSettings = {
				ASSETCATALOG_COMPILER_APPICON_NAME = AppIcon;
				INFOPLIST_FILE = NewUnion/Info.plist;
				IPHONEOS_DEPLOYMENT_TARGET = 8.4;
				LD_RUNPATH_SEARCH_PATHS = "$(inherited) @executable_path/Frameworks";
				PRODUCT_BUNDLE_IDENTIFIER = com.chjpcoj.NewUnion;
				PRODUCT_NAME = "$(TARGET_NAME)";
			};
			name = Debug;
		};
		3F5982411C9C48D50084DF8C /* Release */ = {
			isa = XCBuildConfiguration;
			baseConfigurationReference = 2B097008B5E10F70F8E6D399 /* Pods-NewUnion.release.xcconfig */;
			buildSettings = {
				ASSETCATALOG_COMPILER_APPICON_NAME = AppIcon;
				INFOPLIST_FILE = NewUnion/Info.plist;
				IPHONEOS_DEPLOYMENT_TARGET = 8.4;
				LD_RUNPATH_SEARCH_PATHS = "$(inherited) @executable_path/Frameworks";
				PRODUCT_BUNDLE_IDENTIFIER = com.chjpcoj.NewUnion;
				PRODUCT_NAME = "$(TARGET_NAME)";
			};
			name = Release;
		};
		3F5982431C9C48D50084DF8C /* Debug */ = {
			isa = XCBuildConfiguration;
			baseConfigurationReference = B6E4FB2AB1489B2AE690B653 /* Pods-NewUnion.debug.xcconfig */;
			buildSettings = {
				BUNDLE_LOADER = "$(TEST_HOST)";
				INFOPLIST_FILE = NewUnionTests/Info.plist;
				LD_RUNPATH_SEARCH_PATHS = "$(inherited) @executable_path/Frameworks @loader_path/Frameworks";
				PRODUCT_BUNDLE_IDENTIFIER = com.chjpcoj.NewUnionTests;
				PRODUCT_NAME = "$(TARGET_NAME)";
				TEST_HOST = "$(BUILT_PRODUCTS_DIR)/NewUnion.app/NewUnion";
			};
			name = Debug;
		};
		3F5982441C9C48D50084DF8C /* Release */ = {
			isa = XCBuildConfiguration;
			baseConfigurationReference = 2B097008B5E10F70F8E6D399 /* Pods-NewUnion.release.xcconfig */;
			buildSettings = {
				BUNDLE_LOADER = "$(TEST_HOST)";
				INFOPLIST_FILE = NewUnionTests/Info.plist;
				LD_RUNPATH_SEARCH_PATHS = "$(inherited) @executable_path/Frameworks @loader_path/Frameworks";
				PRODUCT_BUNDLE_IDENTIFIER = com.chjpcoj.NewUnionTests;
				PRODUCT_NAME = "$(TARGET_NAME)";
				TEST_HOST = "$(BUILT_PRODUCTS_DIR)/NewUnion.app/NewUnion";
			};
			name = Release;
		};
/* End XCBuildConfiguration section */

/* Begin XCConfigurationList section */
		3F5982181C9C48D40084DF8C /* Build configuration list for PBXProject "NewUnion" */ = {
			isa = XCConfigurationList;
			buildConfigurations = (
				3F59823D1C9C48D50084DF8C /* Debug */,
				3F59823E1C9C48D50084DF8C /* Release */,
			);
			defaultConfigurationIsVisible = 0;
			defaultConfigurationName = Release;
		};
		3F59823F1C9C48D50084DF8C /* Build configuration list for PBXNativeTarget "NewUnion" */ = {
			isa = XCConfigurationList;
			buildConfigurations = (
				3F5982401C9C48D50084DF8C /* Debug */,
				3F5982411C9C48D50084DF8C /* Release */,
			);
			defaultConfigurationIsVisible = 0;
			defaultConfigurationName = Release;
		};
		3F5982421C9C48D50084DF8C /* Build configuration list for PBXNativeTarget "NewUnionTests" */ = {
			isa = XCConfigurationList;
			buildConfigurations = (
				3F5982431C9C48D50084DF8C /* Debug */,
				3F5982441C9C48D50084DF8C /* Release */,
			);
			defaultConfigurationIsVisible = 0;
			defaultConfigurationName = Release;
		};
/* End XCConfigurationList section */
	};
	rootObject = 3F5982151C9C48D40084DF8C /* Project object */;
}
